// !$*UTF8*$!
{
	archiveVersion = 1;
	classes = {
	};
	objectVersion = 46;
	objects = {

/* Begin PBXBuildFile section */
		D9C578B352CFFCCB158A20B2 /* Pods_Fooder.framework in Frameworks */ = {isa = PBXBuildFile; fileRef = FECC26CF3440DD78E9A76F3C /* Pods_Fooder.framework */; };
		E70D15171DFC264A00BA0A1A /* MasterTabBarController.swift in Sources */ = {isa = PBXBuildFile; fileRef = E70D15161DFC264A00BA0A1A /* MasterTabBarController.swift */; };
		E71FD5AE1E0713A300C5B4AC /* CollectionViewWithHeader.swift in Sources */ = {isa = PBXBuildFile; fileRef = E71FD5AD1E0713A300C5B4AC /* CollectionViewWithHeader.swift */; };
		E71FD5B01E072D8000C5B4AC /* Diets.swift in Sources */ = {isa = PBXBuildFile; fileRef = E71FD5AF1E072D8000C5B4AC /* Diets.swift */; };
		E71FD5B21E0732D800C5B4AC /* Cuisine.swift in Sources */ = {isa = PBXBuildFile; fileRef = E71FD5B11E0732D800C5B4AC /* Cuisine.swift */; };
		E71FD5B41E07332700C5B4AC /* Intolerance.swift in Sources */ = {isa = PBXBuildFile; fileRef = E71FD5B31E07332700C5B4AC /* Intolerance.swift */; };
		E71FD5B61E07339C00C5B4AC /* FoodType.swift in Sources */ = {isa = PBXBuildFile; fileRef = E71FD5B51E07339C00C5B4AC /* FoodType.swift */; };
		E756E1F41E0F334500501B0C /* ExploreViewController.swift in Sources */ = {isa = PBXBuildFile; fileRef = E756E1F31E0F334500501B0C /* ExploreViewController.swift */; };
		E75C14301E0579A300477A66 /* GroceryListTableViewCell.swift in Sources */ = {isa = PBXBuildFile; fileRef = E75C142F1E0579A300477A66 /* GroceryListTableViewCell.swift */; };
		E78AB2571DE25B0700565CBF /* FoodNetworkService.swift in Sources */ = {isa = PBXBuildFile; fileRef = E78AB2561DE25B0700565CBF /* FoodNetworkService.swift */; };
		E78AB25D1DE2EDB200565CBF /* RecipeObject.swift in Sources */ = {isa = PBXBuildFile; fileRef = E78AB25C1DE2EDB200565CBF /* RecipeObject.swift */; };
		E78AB25F1DE2EEA500565CBF /* IngridientObject.swift in Sources */ = {isa = PBXBuildFile; fileRef = E78AB25E1DE2EEA500565CBF /* IngridientObject.swift */; };
		E78AB2611DE2FA4F00565CBF /* ExploreModel.swift in Sources */ = {isa = PBXBuildFile; fileRef = E78AB2601DE2FA4F00565CBF /* ExploreModel.swift */; };
		E78AB2631DE3041000565CBF /* ExploreRecipeCell.swift in Sources */ = {isa = PBXBuildFile; fileRef = E78AB2621DE3041000565CBF /* ExploreRecipeCell.swift */; };
		E78AB2651DE30E9C00565CBF /* UIImageExtension.swift in Sources */ = {isa = PBXBuildFile; fileRef = E78AB2641DE30E9C00565CBF /* UIImageExtension.swift */; };
		E78AB2671DE32A7A00565CBF /* DetailsViewController.swift in Sources */ = {isa = PBXBuildFile; fileRef = E78AB2661DE32A7A00565CBF /* DetailsViewController.swift */; };
		E7B1C41C1E100BAC00A5B71D /* IntolerancesTableViewController.swift in Sources */ = {isa = PBXBuildFile; fileRef = E7B1C41B1E100BAC00A5B71D /* IntolerancesTableViewController.swift */; };
		E7B1C41E1E100CC700A5B71D /* SettingsTableViewController.swift in Sources */ = {isa = PBXBuildFile; fileRef = E7B1C41D1E100CC700A5B71D /* SettingsTableViewController.swift */; };
		E7B1C4201E11291800A5B71D /* IntoleranceTableViewCell.swift in Sources */ = {isa = PBXBuildFile; fileRef = E7B1C41F1E11291800A5B71D /* IntoleranceTableViewCell.swift */; };
		E7BAF3B11DFCCCFA00E31120 /* GroceryListItem.swift in Sources */ = {isa = PBXBuildFile; fileRef = E7BAF3B01DFCCCFA00E31120 /* GroceryListItem.swift */; };
		E7BAF3B31DFCD1B000E31120 /* RecipeRealmObject.swift in Sources */ = {isa = PBXBuildFile; fileRef = E7BAF3B21DFCD1B000E31120 /* RecipeRealmObject.swift */; };
		E7BAF3B51DFCD96C00E31120 /* GroceryListTableViewController.swift in Sources */ = {isa = PBXBuildFile; fileRef = E7BAF3B41DFCD96C00E31120 /* GroceryListTableViewController.swift */; };
		E7DD8BEB1DE1DC1C00EA1584 /* AppDelegate.swift in Sources */ = {isa = PBXBuildFile; fileRef = E7DD8BEA1DE1DC1C00EA1584 /* AppDelegate.swift */; };
		E7DD8BF01DE1DC1C00EA1584 /* Main.storyboard in Resources */ = {isa = PBXBuildFile; fileRef = E7DD8BEE1DE1DC1C00EA1584 /* Main.storyboard */; };
		E7DD8BF21DE1DC1C00EA1584 /* Assets.xcassets in Resources */ = {isa = PBXBuildFile; fileRef = E7DD8BF11DE1DC1C00EA1584 /* Assets.xcassets */; };
		E7DD8BF51DE1DC1C00EA1584 /* LaunchScreen.storyboard in Resources */ = {isa = PBXBuildFile; fileRef = E7DD8BF31DE1DC1C00EA1584 /* LaunchScreen.storyboard */; };
		E7DD8C001DE1DC1C00EA1584 /* FooderTests.swift in Sources */ = {isa = PBXBuildFile; fileRef = E7DD8BFF1DE1DC1C00EA1584 /* FooderTests.swift */; };
		E7DD8C0B1DE1DC1C00EA1584 /* FooderUITests.swift in Sources */ = {isa = PBXBuildFile; fileRef = E7DD8C0A1DE1DC1C00EA1584 /* FooderUITests.swift */; };
/* End PBXBuildFile section */

/* Begin PBXContainerItemProxy section */
		E7DD8BFC1DE1DC1C00EA1584 /* PBXContainerItemProxy */ = {
			isa = PBXContainerItemProxy;
			containerPortal = E7DD8BDF1DE1DC1C00EA1584 /* Project object */;
			proxyType = 1;
			remoteGlobalIDString = E7DD8BE61DE1DC1C00EA1584;
			remoteInfo = Fooder;
		};
		E7DD8C071DE1DC1C00EA1584 /* PBXContainerItemProxy */ = {
			isa = PBXContainerItemProxy;
			containerPortal = E7DD8BDF1DE1DC1C00EA1584 /* Project object */;
			proxyType = 1;
			remoteGlobalIDString = E7DD8BE61DE1DC1C00EA1584;
			remoteInfo = Fooder;
		};
/* End PBXContainerItemProxy section */

/* Begin PBXFileReference section */
		75A655281EFC3A141CD9D546 /* Pods-Fooder.debug.xcconfig */ = {isa = PBXFileReference; includeInIndex = 1; lastKnownFileType = text.xcconfig; name = "Pods-Fooder.debug.xcconfig"; path = "Pods/Target Support Files/Pods-Fooder/Pods-Fooder.debug.xcconfig"; sourceTree = "<group>"; };
		A658DE6389F3CE6ED0B99361 /* Pods-Fooder.release.xcconfig */ = {isa = PBXFileReference; includeInIndex = 1; lastKnownFileType = text.xcconfig; name = "Pods-Fooder.release.xcconfig"; path = "Pods/Target Support Files/Pods-Fooder/Pods-Fooder.release.xcconfig"; sourceTree = "<group>"; };
		E70D15161DFC264A00BA0A1A /* MasterTabBarController.swift */ = {isa = PBXFileReference; fileEncoding = 4; lastKnownFileType = sourcecode.swift; path = MasterTabBarController.swift; sourceTree = "<group>"; };
		E71FD5AD1E0713A300C5B4AC /* CollectionViewWithHeader.swift */ = {isa = PBXFileReference; fileEncoding = 4; lastKnownFileType = sourcecode.swift; path = CollectionViewWithHeader.swift; sourceTree = "<group>"; };
		E71FD5AF1E072D8000C5B4AC /* Diets.swift */ = {isa = PBXFileReference; fileEncoding = 4; lastKnownFileType = sourcecode.swift; path = Diets.swift; sourceTree = "<group>"; };
		E71FD5B11E0732D800C5B4AC /* Cuisine.swift */ = {isa = PBXFileReference; fileEncoding = 4; lastKnownFileType = sourcecode.swift; path = Cuisine.swift; sourceTree = "<group>"; };
		E71FD5B31E07332700C5B4AC /* Intolerance.swift */ = {isa = PBXFileReference; fileEncoding = 4; lastKnownFileType = sourcecode.swift; path = Intolerance.swift; sourceTree = "<group>"; };
		E71FD5B51E07339C00C5B4AC /* FoodType.swift */ = {isa = PBXFileReference; fileEncoding = 4; lastKnownFileType = sourcecode.swift; path = FoodType.swift; sourceTree = "<group>"; };
		E756E1F31E0F334500501B0C /* ExploreViewController.swift */ = {isa = PBXFileReference; fileEncoding = 4; lastKnownFileType = sourcecode.swift; path = ExploreViewController.swift; sourceTree = "<group>"; };
		E75C142F1E0579A300477A66 /* GroceryListTableViewCell.swift */ = {isa = PBXFileReference; fileEncoding = 4; lastKnownFileType = sourcecode.swift; path = GroceryListTableViewCell.swift; sourceTree = "<group>"; };
		E78AB2561DE25B0700565CBF /* FoodNetworkService.swift */ = {isa = PBXFileReference; fileEncoding = 4; lastKnownFileType = sourcecode.swift; path = FoodNetworkService.swift; sourceTree = "<group>"; };
		E78AB25C1DE2EDB200565CBF /* RecipeObject.swift */ = {isa = PBXFileReference; fileEncoding = 4; lastKnownFileType = sourcecode.swift; path = RecipeObject.swift; sourceTree = "<group>"; };
		E78AB25E1DE2EEA500565CBF /* IngridientObject.swift */ = {isa = PBXFileReference; fileEncoding = 4; lastKnownFileType = sourcecode.swift; path = IngridientObject.swift; sourceTree = "<group>"; };
		E78AB2601DE2FA4F00565CBF /* ExploreModel.swift */ = {isa = PBXFileReference; fileEncoding = 4; lastKnownFileType = sourcecode.swift; path = ExploreModel.swift; sourceTree = "<group>"; };
		E78AB2621DE3041000565CBF /* ExploreRecipeCell.swift */ = {isa = PBXFileReference; fileEncoding = 4; lastKnownFileType = sourcecode.swift; path = ExploreRecipeCell.swift; sourceTree = "<group>"; };
		E78AB2641DE30E9C00565CBF /* UIImageExtension.swift */ = {isa = PBXFileReference; fileEncoding = 4; lastKnownFileType = sourcecode.swift; path = UIImageExtension.swift; sourceTree = "<group>"; };
		E78AB2661DE32A7A00565CBF /* DetailsViewController.swift */ = {isa = PBXFileReference; fileEncoding = 4; lastKnownFileType = sourcecode.swift; path = DetailsViewController.swift; sourceTree = "<group>"; };
		E7B1C41B1E100BAC00A5B71D /* IntolerancesTableViewController.swift */ = {isa = PBXFileReference; fileEncoding = 4; lastKnownFileType = sourcecode.swift; path = IntolerancesTableViewController.swift; sourceTree = "<group>"; };
		E7B1C41D1E100CC700A5B71D /* SettingsTableViewController.swift */ = {isa = PBXFileReference; fileEncoding = 4; lastKnownFileType = sourcecode.swift; path = SettingsTableViewController.swift; sourceTree = "<group>"; };
		E7B1C41F1E11291800A5B71D /* IntoleranceTableViewCell.swift */ = {isa = PBXFileReference; fileEncoding = 4; lastKnownFileType = sourcecode.swift; path = IntoleranceTableViewCell.swift; sourceTree = "<group>"; };
		E7BAF3B01DFCCCFA00E31120 /* GroceryListItem.swift */ = {isa = PBXFileReference; fileEncoding = 4; lastKnownFileType = sourcecode.swift; path = GroceryListItem.swift; sourceTree = "<group>"; };
		E7BAF3B21DFCD1B000E31120 /* RecipeRealmObject.swift */ = {isa = PBXFileReference; fileEncoding = 4; lastKnownFileType = sourcecode.swift; path = RecipeRealmObject.swift; sourceTree = "<group>"; };
		E7BAF3B41DFCD96C00E31120 /* GroceryListTableViewController.swift */ = {isa = PBXFileReference; fileEncoding = 4; lastKnownFileType = sourcecode.swift; path = GroceryListTableViewController.swift; sourceTree = "<group>"; };
		E7DD8BE71DE1DC1C00EA1584 /* Fooder.app */ = {isa = PBXFileReference; explicitFileType = wrapper.application; includeInIndex = 0; path = Fooder.app; sourceTree = BUILT_PRODUCTS_DIR; };
		E7DD8BEA1DE1DC1C00EA1584 /* AppDelegate.swift */ = {isa = PBXFileReference; lastKnownFileType = sourcecode.swift; path = AppDelegate.swift; sourceTree = "<group>"; };
		E7DD8BEF1DE1DC1C00EA1584 /* Base */ = {isa = PBXFileReference; lastKnownFileType = file.storyboard; name = Base; path = Base.lproj/Main.storyboard; sourceTree = "<group>"; };
		E7DD8BF11DE1DC1C00EA1584 /* Assets.xcassets */ = {isa = PBXFileReference; lastKnownFileType = folder.assetcatalog; path = Assets.xcassets; sourceTree = "<group>"; };
		E7DD8BF41DE1DC1C00EA1584 /* Base */ = {isa = PBXFileReference; lastKnownFileType = file.storyboard; name = Base; path = Base.lproj/LaunchScreen.storyboard; sourceTree = "<group>"; };
		E7DD8BF61DE1DC1C00EA1584 /* Info.plist */ = {isa = PBXFileReference; lastKnownFileType = text.plist.xml; path = Info.plist; sourceTree = "<group>"; };
		E7DD8BFB1DE1DC1C00EA1584 /* FooderTests.xctest */ = {isa = PBXFileReference; explicitFileType = wrapper.cfbundle; includeInIndex = 0; path = FooderTests.xctest; sourceTree = BUILT_PRODUCTS_DIR; };
		E7DD8BFF1DE1DC1C00EA1584 /* FooderTests.swift */ = {isa = PBXFileReference; lastKnownFileType = sourcecode.swift; path = FooderTests.swift; sourceTree = "<group>"; };
		E7DD8C011DE1DC1C00EA1584 /* Info.plist */ = {isa = PBXFileReference; lastKnownFileType = text.plist.xml; path = Info.plist; sourceTree = "<group>"; };
		E7DD8C061DE1DC1C00EA1584 /* FooderUITests.xctest */ = {isa = PBXFileReference; explicitFileType = wrapper.cfbundle; includeInIndex = 0; path = FooderUITests.xctest; sourceTree = BUILT_PRODUCTS_DIR; };
		E7DD8C0A1DE1DC1C00EA1584 /* FooderUITests.swift */ = {isa = PBXFileReference; lastKnownFileType = sourcecode.swift; path = FooderUITests.swift; sourceTree = "<group>"; };
		E7DD8C0C1DE1DC1C00EA1584 /* Info.plist */ = {isa = PBXFileReference; lastKnownFileType = text.plist.xml; path = Info.plist; sourceTree = "<group>"; };
		FECC26CF3440DD78E9A76F3C /* Pods_Fooder.framework */ = {isa = PBXFileReference; explicitFileType = wrapper.framework; includeInIndex = 0; path = Pods_Fooder.framework; sourceTree = BUILT_PRODUCTS_DIR; };
/* End PBXFileReference section */

/* Begin PBXFrameworksBuildPhase section */
		E7DD8BE41DE1DC1C00EA1584 /* Frameworks */ = {
			isa = PBXFrameworksBuildPhase;
			buildActionMask = 2147483647;
			files = (
				D9C578B352CFFCCB158A20B2 /* Pods_Fooder.framework in Frameworks */,
			);
			runOnlyForDeploymentPostprocessing = 0;
		};
		E7DD8BF81DE1DC1C00EA1584 /* Frameworks */ = {
			isa = PBXFrameworksBuildPhase;
			buildActionMask = 2147483647;
			files = (
			);
			runOnlyForDeploymentPostprocessing = 0;
		};
		E7DD8C031DE1DC1C00EA1584 /* Frameworks */ = {
			isa = PBXFrameworksBuildPhase;
			buildActionMask = 2147483647;
			files = (
			);
			runOnlyForDeploymentPostprocessing = 0;
		};
/* End PBXFrameworksBuildPhase section */

/* Begin PBXGroup section */
		31FC4848A127142F99A06513 /* Pods */ = {
			isa = PBXGroup;
			children = (
				75A655281EFC3A141CD9D546 /* Pods-Fooder.debug.xcconfig */,
				A658DE6389F3CE6ED0B99361 /* Pods-Fooder.release.xcconfig */,
			);
			name = Pods;
			sourceTree = "<group>";
		};
		6390E66127AC5702715544CB /* Frameworks */ = {
			isa = PBXGroup;
			children = (
				FECC26CF3440DD78E9A76F3C /* Pods_Fooder.framework */,
			);
			name = Frameworks;
			sourceTree = "<group>";
		};
		E70D15191DFC277700BA0A1A /* Models */ = {
			isa = PBXGroup;
			children = (
				E78AB25E1DE2EEA500565CBF /* IngridientObject.swift */,
				E78AB25C1DE2EDB200565CBF /* RecipeObject.swift */,
				E7BAF3B01DFCCCFA00E31120 /* GroceryListItem.swift */,
				E7BAF3B21DFCD1B000E31120 /* RecipeRealmObject.swift */,
				E78AB2601DE2FA4F00565CBF /* ExploreModel.swift */,
				E78AB2621DE3041000565CBF /* ExploreRecipeCell.swift */,
				E75C142F1E0579A300477A66 /* GroceryListTableViewCell.swift */,
				E71FD5AF1E072D8000C5B4AC /* Diets.swift */,
				E71FD5B11E0732D800C5B4AC /* Cuisine.swift */,
				E71FD5B31E07332700C5B4AC /* Intolerance.swift */,
				E71FD5B51E07339C00C5B4AC /* FoodType.swift */,
				E7B1C41F1E11291800A5B71D /* IntoleranceTableViewCell.swift */,
			);
			name = Models;
			sourceTree = "<group>";
		};
		E75C142D1E056D7000477A66 /* Controllers */ = {
			isa = PBXGroup;
			children = (
				E78AB2661DE32A7A00565CBF /* DetailsViewController.swift */,
				E70D15161DFC264A00BA0A1A /* MasterTabBarController.swift */,
				E7BAF3B41DFCD96C00E31120 /* GroceryListTableViewController.swift */,
				E756E1F31E0F334500501B0C /* ExploreViewController.swift */,
				E7B1C41B1E100BAC00A5B71D /* IntolerancesTableViewController.swift */,
				E7B1C41D1E100CC700A5B71D /* SettingsTableViewController.swift */,
			);
			name = Controllers;
			sourceTree = "<group>";
		};
		E75C142E1E056DB300477A66 /* Helpers */ = {
			isa = PBXGroup;
			children = (
				E78AB2561DE25B0700565CBF /* FoodNetworkService.swift */,
				E78AB2641DE30E9C00565CBF /* UIImageExtension.swift */,
			);
			name = Helpers;
			sourceTree = "<group>";
		};
		E7DD8BDE1DE1DC1C00EA1584 = {
			isa = PBXGroup;
			children = (
				E7DD8BE91DE1DC1C00EA1584 /* Fooder */,
				E7DD8BFE1DE1DC1C00EA1584 /* FooderTests */,
				E7DD8C091DE1DC1C00EA1584 /* FooderUITests */,
				E7DD8BE81DE1DC1C00EA1584 /* Products */,
				31FC4848A127142F99A06513 /* Pods */,
				6390E66127AC5702715544CB /* Frameworks */,
			);
			sourceTree = "<group>";
		};
		E7DD8BE81DE1DC1C00EA1584 /* Products */ = {
			isa = PBXGroup;
			children = (
				E7DD8BE71DE1DC1C00EA1584 /* Fooder.app */,
				E7DD8BFB1DE1DC1C00EA1584 /* FooderTests.xctest */,
				E7DD8C061DE1DC1C00EA1584 /* FooderUITests.xctest */,
			);
			name = Products;
			sourceTree = "<group>";
		};
		E7DD8BE91DE1DC1C00EA1584 /* Fooder */ = {
			isa = PBXGroup;
			children = (
				E75C142E1E056DB300477A66 /* Helpers */,
				E75C142D1E056D7000477A66 /* Controllers */,
				E70D15191DFC277700BA0A1A /* Models */,
				E7DD8BEA1DE1DC1C00EA1584 /* AppDelegate.swift */,
				E7DD8BEE1DE1DC1C00EA1584 /* Main.storyboard */,
				E71FD5AD1E0713A300C5B4AC /* CollectionViewWithHeader.swift */,
				E7DD8BF11DE1DC1C00EA1584 /* Assets.xcassets */,
				E7DD8BF31DE1DC1C00EA1584 /* LaunchScreen.storyboard */,
				E7DD8BF61DE1DC1C00EA1584 /* Info.plist */,
			);
			path = Fooder;
			sourceTree = "<group>";
		};
		E7DD8BFE1DE1DC1C00EA1584 /* FooderTests */ = {
			isa = PBXGroup;
			children = (
				E7DD8BFF1DE1DC1C00EA1584 /* FooderTests.swift */,
				E7DD8C011DE1DC1C00EA1584 /* Info.plist */,
			);
			path = FooderTests;
			sourceTree = "<group>";
		};
		E7DD8C091DE1DC1C00EA1584 /* FooderUITests */ = {
			isa = PBXGroup;
			children = (
				E7DD8C0A1DE1DC1C00EA1584 /* FooderUITests.swift */,
				E7DD8C0C1DE1DC1C00EA1584 /* Info.plist */,
			);
			path = FooderUITests;
			sourceTree = "<group>";
		};
/* End PBXGroup section */

/* Begin PBXNativeTarget section */
		E7DD8BE61DE1DC1C00EA1584 /* Fooder */ = {
			isa = PBXNativeTarget;
			buildConfigurationList = E7DD8C0F1DE1DC1C00EA1584 /* Build configuration list for PBXNativeTarget "Fooder" */;
			buildPhases = (
				1355F119B9961264C90C208A /* [CP] Check Pods Manifest.lock */,
				E7DD8BE31DE1DC1C00EA1584 /* Sources */,
				E7DD8BE41DE1DC1C00EA1584 /* Frameworks */,
				E7DD8BE51DE1DC1C00EA1584 /* Resources */,
				23BEDF1CC69725B261182E93 /* [CP] Embed Pods Frameworks */,
				D3EF3C56DDDF236C834EF6A6 /* [CP] Copy Pods Resources */,
			);
			buildRules = (
			);
			dependencies = (
			);
			name = Fooder;
			productName = Fooder;
			productReference = E7DD8BE71DE1DC1C00EA1584 /* Fooder.app */;
			productType = "com.apple.product-type.application";
		};
		E7DD8BFA1DE1DC1C00EA1584 /* FooderTests */ = {
			isa = PBXNativeTarget;
			buildConfigurationList = E7DD8C121DE1DC1C00EA1584 /* Build configuration list for PBXNativeTarget "FooderTests" */;
			buildPhases = (
				E7DD8BF71DE1DC1C00EA1584 /* Sources */,
				E7DD8BF81DE1DC1C00EA1584 /* Frameworks */,
				E7DD8BF91DE1DC1C00EA1584 /* Resources */,
			);
			buildRules = (
			);
			dependencies = (
				E7DD8BFD1DE1DC1C00EA1584 /* PBXTargetDependency */,
			);
			name = FooderTests;
			productName = FooderTests;
			productReference = E7DD8BFB1DE1DC1C00EA1584 /* FooderTests.xctest */;
			productType = "com.apple.product-type.bundle.unit-test";
		};
		E7DD8C051DE1DC1C00EA1584 /* FooderUITests */ = {
			isa = PBXNativeTarget;
			buildConfigurationList = E7DD8C151DE1DC1C00EA1584 /* Build configuration list for PBXNativeTarget "FooderUITests" */;
			buildPhases = (
				E7DD8C021DE1DC1C00EA1584 /* Sources */,
				E7DD8C031DE1DC1C00EA1584 /* Frameworks */,
				E7DD8C041DE1DC1C00EA1584 /* Resources */,
			);
			buildRules = (
			);
			dependencies = (
				E7DD8C081DE1DC1C00EA1584 /* PBXTargetDependency */,
			);
			name = FooderUITests;
			productName = FooderUITests;
			productReference = E7DD8C061DE1DC1C00EA1584 /* FooderUITests.xctest */;
			productType = "com.apple.product-type.bundle.ui-testing";
		};
/* End PBXNativeTarget section */

/* Begin PBXProject section */
		E7DD8BDF1DE1DC1C00EA1584 /* Project object */ = {
			isa = PBXProject;
			attributes = {
				LastSwiftUpdateCheck = 0810;
				LastUpgradeCheck = 0810;
				ORGANIZATIONNAME = "Vladimir Ageev";
				TargetAttributes = {
					E7DD8BE61DE1DC1C00EA1584 = {
						CreatedOnToolsVersion = 8.1;
						DevelopmentTeam = 25X7RU6WJ8;
						ProvisioningStyle = Automatic;
					};
					E7DD8BFA1DE1DC1C00EA1584 = {
						CreatedOnToolsVersion = 8.1;
						DevelopmentTeam = 25X7RU6WJ8;
						ProvisioningStyle = Automatic;
						TestTargetID = E7DD8BE61DE1DC1C00EA1584;
					};
					E7DD8C051DE1DC1C00EA1584 = {
						CreatedOnToolsVersion = 8.1;
						DevelopmentTeam = 25X7RU6WJ8;
						ProvisioningStyle = Automatic;
						TestTargetID = E7DD8BE61DE1DC1C00EA1584;
					};
				};
			};
			buildConfigurationList = E7DD8BE21DE1DC1C00EA1584 /* Build configuration list for PBXProject "Fooder" */;
			compatibilityVersion = "Xcode 3.2";
			developmentRegion = English;
			hasScannedForEncodings = 0;
			knownRegions = (
				en,
				Base,
			);
			mainGroup = E7DD8BDE1DE1DC1C00EA1584;
			productRefGroup = E7DD8BE81DE1DC1C00EA1584 /* Products */;
			projectDirPath = "";
			projectRoot = "";
			targets = (
				E7DD8BE61DE1DC1C00EA1584 /* Fooder */,
				E7DD8BFA1DE1DC1C00EA1584 /* FooderTests */,
				E7DD8C051DE1DC1C00EA1584 /* FooderUITests */,
			);
		};
/* End PBXProject section */

/* Begin PBXResourcesBuildPhase section */
		E7DD8BE51DE1DC1C00EA1584 /* Resources */ = {
			isa = PBXResourcesBuildPhase;
			buildActionMask = 2147483647;
			files = (
				E7DD8BF51DE1DC1C00EA1584 /* LaunchScreen.storyboard in Resources */,
				E7DD8BF21DE1DC1C00EA1584 /* Assets.xcassets in Resources */,
				E7DD8BF01DE1DC1C00EA1584 /* Main.storyboard in Resources */,
			);
			runOnlyForDeploymentPostprocessing = 0;
		};
		E7DD8BF91DE1DC1C00EA1584 /* Resources */ = {
			isa = PBXResourcesBuildPhase;
			buildActionMask = 2147483647;
			files = (
			);
			runOnlyForDeploymentPostprocessing = 0;
		};
		E7DD8C041DE1DC1C00EA1584 /* Resources */ = {
			isa = PBXResourcesBuildPhase;
			buildActionMask = 2147483647;
			files = (
			);
			runOnlyForDeploymentPostprocessing = 0;
		};
/* End PBXResourcesBuildPhase section */

/* Begin PBXShellScriptBuildPhase section */
		1355F119B9961264C90C208A /* [CP] Check Pods Manifest.lock */ = {
			isa = PBXShellScriptBuildPhase;
			buildActionMask = 2147483647;
			files = (
			);
			inputPaths = (
			);
			name = "[CP] Check Pods Manifest.lock";
			outputPaths = (
			);
			runOnlyForDeploymentPostprocessing = 0;
			shellPath = /bin/sh;
			shellScript = "diff \"${PODS_ROOT}/../Podfile.lock\" \"${PODS_ROOT}/Manifest.lock\" > /dev/null\nif [ $? != 0 ] ; then\n    # print error to STDERR\n    echo \"error: The sandbox is not in sync with the Podfile.lock. Run 'pod install' or update your CocoaPods installation.\" >&2\n    exit 1\nfi\n";
			showEnvVarsInLog = 0;
		};
		23BEDF1CC69725B261182E93 /* [CP] Embed Pods Frameworks */ = {
			isa = PBXShellScriptBuildPhase;
			buildActionMask = 2147483647;
			files = (
			);
			inputPaths = (
			);
			name = "[CP] Embed Pods Frameworks";
			outputPaths = (
			);
			runOnlyForDeploymentPostprocessing = 0;
			shellPath = /bin/sh;
			shellScript = "\"${SRCROOT}/Pods/Target Support Files/Pods-Fooder/Pods-Fooder-frameworks.sh\"\n";
			showEnvVarsInLog = 0;
		};
		D3EF3C56DDDF236C834EF6A6 /* [CP] Copy Pods Resources */ = {
			isa = PBXShellScriptBuildPhase;
			buildActionMask = 2147483647;
			files = (
			);
			inputPaths = (
			);
			name = "[CP] Copy Pods Resources";
			outputPaths = (
			);
			runOnlyForDeploymentPostprocessing = 0;
			shellPath = /bin/sh;
			shellScript = "\"${SRCROOT}/Pods/Target Support Files/Pods-Fooder/Pods-Fooder-resources.sh\"\n";
			showEnvVarsInLog = 0;
		};
/* End PBXShellScriptBuildPhase section */

/* Begin PBXSourcesBuildPhase section */
		E7DD8BE31DE1DC1C00EA1584 /* Sources */ = {
			isa = PBXSourcesBuildPhase;
			buildActionMask = 2147483647;
			files = (
				E7B1C4201E11291800A5B71D /* IntoleranceTableViewCell.swift in Sources */,
				E7BAF3B31DFCD1B000E31120 /* RecipeRealmObject.swift in Sources */,
				E78AB25F1DE2EEA500565CBF /* IngridientObject.swift in Sources */,
				E78AB2631DE3041000565CBF /* ExploreRecipeCell.swift in Sources */,
				E71FD5B41E07332700C5B4AC /* Intolerance.swift in Sources */,
				E756E1F41E0F334500501B0C /* ExploreViewController.swift in Sources */,
				E71FD5AE1E0713A300C5B4AC /* CollectionViewWithHeader.swift in Sources */,
				E70D15171DFC264A00BA0A1A /* MasterTabBarController.swift in Sources */,
				E78AB25D1DE2EDB200565CBF /* RecipeObject.swift in Sources */,
				E71FD5B01E072D8000C5B4AC /* Diets.swift in Sources */,
				E78AB2611DE2FA4F00565CBF /* ExploreModel.swift in Sources */,
				E78AB2651DE30E9C00565CBF /* UIImageExtension.swift in Sources */,
				E78AB2571DE25B0700565CBF /* FoodNetworkService.swift in Sources */,
				E71FD5B61E07339C00C5B4AC /* FoodType.swift in Sources */,
				E75C14301E0579A300477A66 /* GroceryListTableViewCell.swift in Sources */,
				E7DD8BEB1DE1DC1C00EA1584 /* AppDelegate.swift in Sources */,
				E71FD5B21E0732D800C5B4AC /* Cuisine.swift in Sources */,
				E7BAF3B51DFCD96C00E31120 /* GroceryListTableViewController.swift in Sources */,
				E7BAF3B11DFCCCFA00E31120 /* GroceryListItem.swift in Sources */,
				E7B1C41C1E100BAC00A5B71D /* IntolerancesTableViewController.swift in Sources */,
				E78AB2671DE32A7A00565CBF /* DetailsViewController.swift in Sources */,
				E7B1C41E1E100CC700A5B71D /* SettingsTableViewController.swift in Sources */,
			);
			runOnlyForDeploymentPostprocessing = 0;
		};
		E7DD8BF71DE1DC1C00EA1584 /* Sources */ = {
			isa = PBXSourcesBuildPhase;
			buildActionMask = 2147483647;
			files = (
				E7DD8C001DE1DC1C00EA1584 /* FooderTests.swift in Sources */,
			);
			runOnlyForDeploymentPostprocessing = 0;
		};
		E7DD8C021DE1DC1C00EA1584 /* Sources */ = {
			isa = PBXSourcesBuildPhase;
			buildActionMask = 2147483647;
			files = (
				E7DD8C0B1DE1DC1C00EA1584 /* FooderUITests.swift in Sources */,
			);
			runOnlyForDeploymentPostprocessing = 0;
		};
/* End PBXSourcesBuildPhase section */

/* Begin PBXTargetDependency section */
		E7DD8BFD1DE1DC1C00EA1584 /* PBXTargetDependency */ = {
			isa = PBXTargetDependency;
			target = E7DD8BE61DE1DC1C00EA1584 /* Fooder */;
			targetProxy = E7DD8BFC1DE1DC1C00EA1584 /* PBXContainerItemProxy */;
		};
		E7DD8C081DE1DC1C00EA1584 /* PBXTargetDependency */ = {
			isa = PBXTargetDependency;
			target = E7DD8BE61DE1DC1C00EA1584 /* Fooder */;
			targetProxy = E7DD8C071DE1DC1C00EA1584 /* PBXContainerItemProxy */;
		};
/* End PBXTargetDependency section */

/* Begin PBXVariantGroup section */
		E7DD8BEE1DE1DC1C00EA1584 /* Main.storyboard */ = {
			isa = PBXVariantGroup;
			children = (
				E7DD8BEF1DE1DC1C00EA1584 /* Base */,
			);
			name = Main.storyboard;
			sourceTree = "<group>";
		};
		E7DD8BF31DE1DC1C00EA1584 /* LaunchScreen.storyboard */ = {
			isa = PBXVariantGroup;
			children = (
				E7DD8BF41DE1DC1C00EA1584 /* Base */,
			);
			name = LaunchScreen.storyboard;
			sourceTree = "<group>";
		};
/* End PBXVariantGroup section */

/* Begin XCBuildConfiguration section */
		E7DD8C0D1DE1DC1C00EA1584 /* Debug */ = {
			isa = XCBuildConfiguration;
			buildSettings = {
				ALWAYS_SEARCH_USER_PATHS = NO;
				CLANG_ANALYZER_NONNULL = YES;
				CLANG_CXX_LANGUAGE_STANDARD = "gnu++0x";
				CLANG_CXX_LIBRARY = "libc++";
				CLANG_ENABLE_MODULES = YES;
				CLANG_ENABLE_OBJC_ARC = YES;
				CLANG_WARN_BOOL_CONVERSION = YES;
				CLANG_WARN_CONSTANT_CONVERSION = YES;
				CLANG_WARN_DIRECT_OBJC_ISA_USAGE = YES_ERROR;
				CLANG_WARN_DOCUMENTATION_COMMENTS = YES;
				CLANG_WARN_EMPTY_BODY = YES;
				CLANG_WARN_ENUM_CONVERSION = YES;
				CLANG_WARN_INFINITE_RECURSION = YES;
				CLANG_WARN_INT_CONVERSION = YES;
				CLANG_WARN_OBJC_ROOT_CLASS = YES_ERROR;
				CLANG_WARN_SUSPICIOUS_MOVE = YES;
				CLANG_WARN_SUSPICIOUS_MOVES = YES;
				CLANG_WARN_UNREACHABLE_CODE = YES;
				CLANG_WARN__DUPLICATE_METHOD_MATCH = YES;
				"CODE_SIGN_IDENTITY[sdk=iphoneos*]" = "iPhone Developer";
				COPY_PHASE_STRIP = NO;
				DEBUG_INFORMATION_FORMAT = dwarf;
				ENABLE_STRICT_OBJC_MSGSEND = YES;
				ENABLE_TESTABILITY = YES;
				GCC_C_LANGUAGE_STANDARD = gnu99;
				GCC_DYNAMIC_NO_PIC = NO;
				GCC_NO_COMMON_BLOCKS = YES;
				GCC_OPTIMIZATION_LEVEL = 0;
				GCC_PREPROCESSOR_DEFINITIONS = (
					"DEBUG=1",
					"$(inherited)",
				);
				GCC_WARN_64_TO_32_BIT_CONVERSION = YES;
				GCC_WARN_ABOUT_RETURN_TYPE = YES_ERROR;
				GCC_WARN_UNDECLARED_SELECTOR = YES;
				GCC_WARN_UNINITIALIZED_AUTOS = YES_AGGRESSIVE;
				GCC_WARN_UNUSED_FUNCTION = YES;
				GCC_WARN_UNUSED_VARIABLE = YES;
				IPHONEOS_DEPLOYMENT_TARGET = 10.0;
				MTL_ENABLE_DEBUG_INFO = YES;
				ONLY_ACTIVE_ARCH = YES;
				SDKROOT = iphoneos;
				SWIFT_ACTIVE_COMPILATION_CONDITIONS = DEBUG;
				SWIFT_OPTIMIZATION_LEVEL = "-Onone";
				TARGETED_DEVICE_FAMILY = "1,2";
			};
			name = Debug;
		};
		E7DD8C0E1DE1DC1C00EA1584 /* Release */ = {
			isa = XCBuildConfiguration;
			buildSettings = {
				ALWAYS_SEARCH_USER_PATHS = NO;
				CLANG_ANALYZER_NONNULL = YES;
				CLANG_CXX_LANGUAGE_STANDARD = "gnu++0x";
				CLANG_CXX_LIBRARY = "libc++";
				CLANG_ENABLE_MODULES = YES;
				CLANG_ENABLE_OBJC_ARC = YES;
				CLANG_WARN_BOOL_CONVERSION = YES;
				CLANG_WARN_CONSTANT_CONVERSION = YES;
				CLANG_WARN_DIRECT_OBJC_ISA_USAGE = YES_ERROR;
				CLANG_WARN_DOCUMENTATION_COMMENTS = YES;
				CLANG_WARN_EMPTY_BODY = YES;
				CLANG_WARN_ENUM_CONVERSION = YES;
				CLANG_WARN_INFINITE_RECURSION = YES;
				CLANG_WARN_INT_CONVERSION = YES;
				CLANG_WARN_OBJC_ROOT_CLASS = YES_ERROR;
				CLANG_WARN_SUSPICIOUS_MOVE = YES;
				CLANG_WARN_SUSPICIOUS_MOVES = YES;
				CLANG_WARN_UNREACHABLE_CODE = YES;
				CLANG_WARN__DUPLICATE_METHOD_MATCH = YES;
				"CODE_SIGN_IDENTITY[sdk=iphoneos*]" = "iPhone Developer";
				COPY_PHASE_STRIP = NO;
				DEBUG_INFORMATION_FORMAT = "dwarf-with-dsym";
				ENABLE_NS_ASSERTIONS = NO;
				ENABLE_STRICT_OBJC_MSGSEND = YES;
				GCC_C_LANGUAGE_STANDARD = gnu99;
				GCC_NO_COMMON_BLOCKS = YES;
				GCC_WARN_64_TO_32_BIT_CONVERSION = YES;
				GCC_WARN_ABOUT_RETURN_TYPE = YES_ERROR;
				GCC_WARN_UNDECLARED_SELECTOR = YES;
				GCC_WARN_UNINITIALIZED_AUTOS = YES_AGGRESSIVE;
				GCC_WARN_UNUSED_FUNCTION = YES;
				GCC_WARN_UNUSED_VARIABLE = YES;
				IPHONEOS_DEPLOYMENT_TARGET = 10.0;
				MTL_ENABLE_DEBUG_INFO = NO;
				SDKROOT = iphoneos;
				SWIFT_OPTIMIZATION_LEVEL = "-Owholemodule";
				TARGETED_DEVICE_FAMILY = "1,2";
				VALIDATE_PRODUCT = YES;
			};
			name = Release;
		};
		E7DD8C101DE1DC1C00EA1584 /* Debug */ = {
			isa = XCBuildConfiguration;
			baseConfigurationReference = 75A655281EFC3A141CD9D546 /* Pods-Fooder.debug.xcconfig */;
			buildSettings = {
				ALWAYS_EMBED_SWIFT_STANDARD_LIBRARIES = YES;
				ASSETCATALOG_COMPILER_APPICON_NAME = AppIcon;
				DEVELOPMENT_TEAM = 25X7RU6WJ8;
				INFOPLIST_FILE = Fooder/Info.plist;
				LD_RUNPATH_SEARCH_PATHS = "$(inherited) @executable_path/Frameworks";
				PRODUCT_BUNDLE_IDENTIFIER = com.vladimir.ageev.Fooder;
				PRODUCT_NAME = "$(TARGET_NAME)";
				SWIFT_VERSION = 3.0;
			};
			name = Debug;
		};
		E7DD8C111DE1DC1C00EA1584 /* Release */ = {
			isa = XCBuildConfiguration;
			baseConfigurationReference = A658DE6389F3CE6ED0B99361 /* Pods-Fooder.release.xcconfig */;
			buildSettings = {
				ALWAYS_EMBED_SWIFT_STANDARD_LIBRARIES = YES;
				ASSETCATALOG_COMPILER_APPICON_NAME = AppIcon;
				DEVELOPMENT_TEAM = 25X7RU6WJ8;
				INFOPLIST_FILE = Fooder/Info.plist;
				LD_RUNPATH_SEARCH_PATHS = "$(inherited) @executable_path/Frameworks";
				PRODUCT_BUNDLE_IDENTIFIER = com.vladimir.ageev.Fooder;
				PRODUCT_NAME = "$(TARGET_NAME)";
				SWIFT_VERSION = 3.0;
			};
			name = Release;
		};
		E7DD8C131DE1DC1C00EA1584 /* Debug */ = {
			isa = XCBuildConfiguration;
			buildSettings = {
				ALWAYS_EMBED_SWIFT_STANDARD_LIBRARIES = YES;
				BUNDLE_LOADER = "$(TEST_HOST)";
				DEVELOPMENT_TEAM = 25X7RU6WJ8;
				INFOPLIST_FILE = FooderTests/Info.plist;
				LD_RUNPATH_SEARCH_PATHS = "$(inherited) @executable_path/Frameworks @loader_path/Frameworks";
				PRODUCT_BUNDLE_IDENTIFIER = com.vladimir.ageev.FooderTests;
				PRODUCT_NAME = "$(TARGET_NAME)";
				SWIFT_VERSION = 3.0;
				TEST_HOST = "$(BUILT_PRODUCTS_DIR)/Fooder.app/Fooder";
			};
			name = Debug;
		};
		E7DD8C141DE1DC1C00EA1584 /* Release */ = {
			isa = XCBuildConfiguration;
			buildSettings = {
				ALWAYS_EMBED_SWIFT_STANDARD_LIBRARIES = YES;
				BUNDLE_LOADER = "$(TEST_HOST)";
				DEVELOPMENT_TEAM = 25X7RU6WJ8;
				INFOPLIST_FILE = FooderTests/Info.plist;
				LD_RUNPATH_SEARCH_PATHS = "$(inherited) @executable_path/Frameworks @loader_path/Frameworks";
				PRODUCT_BUNDLE_IDENTIFIER = com.vladimir.ageev.FooderTests;
				PRODUCT_NAME = "$(TARGET_NAME)";
				SWIFT_VERSION = 3.0;
				TEST_HOST = "$(BUILT_PRODUCTS_DIR)/Fooder.app/Fooder";
			};
			name = Release;
		};
		E7DD8C161DE1DC1C00EA1584 /* Debug */ = {
			isa = XCBuildConfiguration;
			buildSettings = {
				ALWAYS_EMBED_SWIFT_STANDARD_LIBRARIES = YES;
				DEVELOPMENT_TEAM = 25X7RU6WJ8;
				INFOPLIST_FILE = FooderUITests/Info.plist;
				LD_RUNPATH_SEARCH_PATHS = "$(inherited) @executable_path/Frameworks @loader_path/Frameworks";
				PRODUCT_BUNDLE_IDENTIFIER = com.vladimir.ageev.FooderUITests;
				PRODUCT_NAME = "$(TARGET_NAME)";
				SWIFT_VERSION = 3.0;
				TEST_TARGET_NAME = Fooder;
			};
			name = Debug;
		};
		E7DD8C171DE1DC1C00EA1584 /* Release */ = {
			isa = XCBuildConfiguration;
			buildSettings = {
				ALWAYS_EMBED_SWIFT_STANDARD_LIBRARIES = YES;
				DEVELOPMENT_TEAM = 25X7RU6WJ8;
				INFOPLIST_FILE = FooderUITests/Info.plist;
				LD_RUNPATH_SEARCH_PATHS = "$(inherited) @executable_path/Frameworks @loader_path/Frameworks";
				PRODUCT_BUNDLE_IDENTIFIER = com.vladimir.ageev.FooderUITests;
				PRODUCT_NAME = "$(TARGET_NAME)";
				SWIFT_VERSION = 3.0;
				TEST_TARGET_NAME = Fooder;
			};
			name = Release;
		};
/* End XCBuildConfiguration section */

/* Begin XCConfigurationList section */
		E7DD8BE21DE1DC1C00EA1584 /* Build configuration list for PBXProject "Fooder" */ = {
			isa = XCConfigurationList;
			buildConfigurations = (
				E7DD8C0D1DE1DC1C00EA1584 /* Debug */,
				E7DD8C0E1DE1DC1C00EA1584 /* Release */,
			);
			defaultConfigurationIsVisible = 0;
			defaultConfigurationName = Release;
		};
		E7DD8C0F1DE1DC1C00EA1584 /* Build configuration list for PBXNativeTarget "Fooder" */ = {
			isa = XCConfigurationList;
			buildConfigurations = (
				E7DD8C101DE1DC1C00EA1584 /* Debug */,
				E7DD8C111DE1DC1C00EA1584 /* Release */,
			);
			defaultConfigurationIsVisible = 0;
			defaultConfigurationName = Release;
		};
		E7DD8C121DE1DC1C00EA1584 /* Build configuration list for PBXNativeTarget "FooderTests" */ = {
			isa = XCConfigurationList;
			buildConfigurations = (
				E7DD8C131DE1DC1C00EA1584 /* Debug */,
				E7DD8C141DE1DC1C00EA1584 /* Release */,
			);
			defaultConfigurationIsVisible = 0;
			defaultConfigurationName = Release;
		};
		E7DD8C151DE1DC1C00EA1584 /* Build configuration list for PBXNativeTarget "FooderUITests" */ = {
			isa = XCConfigurationList;
			buildConfigurations = (
				E7DD8C161DE1DC1C00EA1584 /* Debug */,
				E7DD8C171DE1DC1C00EA1584 /* Release */,
			);
			defaultConfigurationIsVisible = 0;
			defaultConfigurationName = Release;
		};
/* End XCConfigurationList section */
	};
	rootObject = E7DD8BDF1DE1DC1C00EA1584 /* Project object */;
}
